// !$*UTF8*$!
{
	archiveVersion = 1;
	classes = {
	};
	objectVersion = 50;
	objects = {

/* Begin PBXBuildFile section */
		7099125497C696BA93BB2EA0 /* Pods_LeisureMapTests.framework in Frameworks */ = {isa = PBXBuildFile; fileRef = 21F693E1F067B29A1150CF6F /* Pods_LeisureMapTests.framework */; };
		797C5980EF08ED061C9FDC30 /* Pods_LeisureMapUITests.framework in Frameworks */ = {isa = PBXBuildFile; fileRef = FD979E72FC36B5A20A09F3C7 /* Pods_LeisureMapUITests.framework */; };
		9F652EFFF8D0B6BD847ED033 /* Pods_LeisureMap.framework in Frameworks */ = {isa = PBXBuildFile; fileRef = 1D7C90CC9C7F6A3F4F4DF950 /* Pods_LeisureMap.framework */; };
		AD278AB6210AAA82000CE6C5 /* SeviceCategory.swift in Sources */ = {isa = PBXBuildFile; fileRef = AD278AB5210AAA82000CE6C5 /* SeviceCategory.swift */; };
		AD278AB8210AAB64000CE6C5 /* Store.swift in Sources */ = {isa = PBXBuildFile; fileRef = AD278AB7210AAB64000CE6C5 /* Store.swift */; };
		AD278ABC210ABEE1000CE6C5 /* SQLiteWorker.swift in Sources */ = {isa = PBXBuildFile; fileRef = AD278ABB210ABEE1000CE6C5 /* SQLiteWorker.swift */; };
		AD278ABF210AFFC6000CE6C5 /* ServiceCellView.swift in Sources */ = {isa = PBXBuildFile; fileRef = AD278ABE210AFFC6000CE6C5 /* ServiceCellView.swift */; };
		AD278AC1210B0902000CE6C5 /* StoreCellView.swift in Sources */ = {isa = PBXBuildFile; fileRef = AD278AC0210B0902000CE6C5 /* StoreCellView.swift */; };
		AD525B892105D7CB00112ED5 /* AppDelegate.swift in Sources */ = {isa = PBXBuildFile; fileRef = AD525B882105D7CB00112ED5 /* AppDelegate.swift */; };
		AD525B8B2105D7CB00112ED5 /* ViewController.swift in Sources */ = {isa = PBXBuildFile; fileRef = AD525B8A2105D7CB00112ED5 /* ViewController.swift */; };
		AD525B8E2105D7CB00112ED5 /* Main.storyboard in Resources */ = {isa = PBXBuildFile; fileRef = AD525B8C2105D7CB00112ED5 /* Main.storyboard */; };
		AD525B902105D7CC00112ED5 /* Assets.xcassets in Resources */ = {isa = PBXBuildFile; fileRef = AD525B8F2105D7CC00112ED5 /* Assets.xcassets */; };
		AD525B932105D7CC00112ED5 /* LaunchScreen.storyboard in Resources */ = {isa = PBXBuildFile; fileRef = AD525B912105D7CC00112ED5 /* LaunchScreen.storyboard */; };
		AD525B9E2105D7CC00112ED5 /* LeisureMapTests.swift in Sources */ = {isa = PBXBuildFile; fileRef = AD525B9D2105D7CC00112ED5 /* LeisureMapTests.swift */; };
		AD525BA92105D7CC00112ED5 /* LeisureMapUITests.swift in Sources */ = {isa = PBXBuildFile; fileRef = AD525BA82105D7CC00112ED5 /* LeisureMapUITests.swift */; };
		AD525BB82105DB0400112ED5 /* SplashViewController.swift in Sources */ = {isa = PBXBuildFile; fileRef = AD525BB72105DB0400112ED5 /* SplashViewController.swift */; };
		AD525BBB2105DB5B00112ED5 /* LoginViewController.swift in Sources */ = {isa = PBXBuildFile; fileRef = AD525BBA2105DB5B00112ED5 /* LoginViewController.swift */; };
		ADA8182021085946004F1DFA /* MasterViewController.swift in Sources */ = {isa = PBXBuildFile; fileRef = ADA8181F21085946004F1DFA /* MasterViewController.swift */; };
		ADA8182221085957004F1DFA /* DetailViewController.swift in Sources */ = {isa = PBXBuildFile; fileRef = ADA8182121085957004F1DFA /* DetailViewController.swift */; };
		ADA81824210859E0004F1DFA /* NoteViewController.swift in Sources */ = {isa = PBXBuildFile; fileRef = ADA81823210859E0004F1DFA /* NoteViewController.swift */; };
		ADA81826210859ED004F1DFA /* MapViewController.swift in Sources */ = {isa = PBXBuildFile; fileRef = ADA81825210859ED004F1DFA /* MapViewController.swift */; };
		ADDC53CA2109617400ECF27E /* NetWorker.swift in Sources */ = {isa = PBXBuildFile; fileRef = ADDC53C92109617400ECF27E /* NetWorker.swift */; };
		ADDC53CC2109CF2600ECF27E /* FileAWorker.swift in Sources */ = {isa = PBXBuildFile; fileRef = ADDC53CB2109CF2600ECF27E /* FileAWorker.swift */; };
/* End PBXBuildFile section */

/* Begin PBXContainerItemProxy section */
		AD525B9A2105D7CC00112ED5 /* PBXContainerItemProxy */ = {
			isa = PBXContainerItemProxy;
			containerPortal = AD525B7D2105D7CB00112ED5 /* Project object */;
			proxyType = 1;
			remoteGlobalIDString = AD525B842105D7CB00112ED5;
			remoteInfo = LeisureMap;
		};
		AD525BA52105D7CC00112ED5 /* PBXContainerItemProxy */ = {
			isa = PBXContainerItemProxy;
			containerPortal = AD525B7D2105D7CB00112ED5 /* Project object */;
			proxyType = 1;
			remoteGlobalIDString = AD525B842105D7CB00112ED5;
			remoteInfo = LeisureMap;
		};
/* End PBXContainerItemProxy section */

/* Begin PBXFileReference section */
		1D7C90CC9C7F6A3F4F4DF950 /* Pods_LeisureMap.framework */ = {isa = PBXFileReference; explicitFileType = wrapper.framework; includeInIndex = 0; path = Pods_LeisureMap.framework; sourceTree = BUILT_PRODUCTS_DIR; };
		21F693E1F067B29A1150CF6F /* Pods_LeisureMapTests.framework */ = {isa = PBXFileReference; explicitFileType = wrapper.framework; includeInIndex = 0; path = Pods_LeisureMapTests.framework; sourceTree = BUILT_PRODUCTS_DIR; };
		26323F4BCB6E6BE56967675E /* Pods-LeisureMapUITests.debug.xcconfig */ = {isa = PBXFileReference; includeInIndex = 1; lastKnownFileType = text.xcconfig; name = "Pods-LeisureMapUITests.debug.xcconfig"; path = "Pods/Target Support Files/Pods-LeisureMapUITests/Pods-LeisureMapUITests.debug.xcconfig"; sourceTree = "<group>"; };
		2F2824BCC7A5BBC0B48251DF /* Pods-LeisureMapTests.release.xcconfig */ = {isa = PBXFileReference; includeInIndex = 1; lastKnownFileType = text.xcconfig; name = "Pods-LeisureMapTests.release.xcconfig"; path = "Pods/Target Support Files/Pods-LeisureMapTests/Pods-LeisureMapTests.release.xcconfig"; sourceTree = "<group>"; };
		4166F32C97F241CF648E9456 /* Pods-LeisureMapTests.debug.xcconfig */ = {isa = PBXFileReference; includeInIndex = 1; lastKnownFileType = text.xcconfig; name = "Pods-LeisureMapTests.debug.xcconfig"; path = "Pods/Target Support Files/Pods-LeisureMapTests/Pods-LeisureMapTests.debug.xcconfig"; sourceTree = "<group>"; };
		AB3383F5CBD554FCEAAFE611 /* Pods-LeisureMap.release.xcconfig */ = {isa = PBXFileReference; includeInIndex = 1; lastKnownFileType = text.xcconfig; name = "Pods-LeisureMap.release.xcconfig"; path = "Pods/Target Support Files/Pods-LeisureMap/Pods-LeisureMap.release.xcconfig"; sourceTree = "<group>"; };
		AD278AB5210AAA82000CE6C5 /* SeviceCategory.swift */ = {isa = PBXFileReference; lastKnownFileType = sourcecode.swift; path = SeviceCategory.swift; sourceTree = "<group>"; };
		AD278AB7210AAB64000CE6C5 /* Store.swift */ = {isa = PBXFileReference; lastKnownFileType = sourcecode.swift; path = Store.swift; sourceTree = "<group>"; };
		AD278ABB210ABEE1000CE6C5 /* SQLiteWorker.swift */ = {isa = PBXFileReference; fileEncoding = 4; lastKnownFileType = sourcecode.swift; path = SQLiteWorker.swift; sourceTree = "<group>"; };
		AD278ABE210AFFC6000CE6C5 /* ServiceCellView.swift */ = {isa = PBXFileReference; lastKnownFileType = sourcecode.swift; path = ServiceCellView.swift; sourceTree = "<group>"; };
		AD278AC0210B0902000CE6C5 /* StoreCellView.swift */ = {isa = PBXFileReference; lastKnownFileType = sourcecode.swift; path = StoreCellView.swift; sourceTree = "<group>"; };
		AD525B852105D7CB00112ED5 /* LeisureMap.app */ = {isa = PBXFileReference; explicitFileType = wrapper.application; includeInIndex = 0; path = LeisureMap.app; sourceTree = BUILT_PRODUCTS_DIR; };
		AD525B882105D7CB00112ED5 /* AppDelegate.swift */ = {isa = PBXFileReference; lastKnownFileType = sourcecode.swift; path = AppDelegate.swift; sourceTree = "<group>"; };
		AD525B8A2105D7CB00112ED5 /* ViewController.swift */ = {isa = PBXFileReference; lastKnownFileType = sourcecode.swift; path = ViewController.swift; sourceTree = "<group>"; };
		AD525B8D2105D7CB00112ED5 /* Base */ = {isa = PBXFileReference; lastKnownFileType = file.storyboard; name = Base; path = Base.lproj/Main.storyboard; sourceTree = "<group>"; };
		AD525B8F2105D7CC00112ED5 /* Assets.xcassets */ = {isa = PBXFileReference; lastKnownFileType = folder.assetcatalog; path = Assets.xcassets; sourceTree = "<group>"; };
		AD525B922105D7CC00112ED5 /* Base */ = {isa = PBXFileReference; lastKnownFileType = file.storyboard; name = Base; path = Base.lproj/LaunchScreen.storyboard; sourceTree = "<group>"; };
		AD525B942105D7CC00112ED5 /* Info.plist */ = {isa = PBXFileReference; lastKnownFileType = text.plist.xml; path = Info.plist; sourceTree = "<group>"; };
		AD525B992105D7CC00112ED5 /* LeisureMapTests.xctest */ = {isa = PBXFileReference; explicitFileType = wrapper.cfbundle; includeInIndex = 0; path = LeisureMapTests.xctest; sourceTree = BUILT_PRODUCTS_DIR; };
		AD525B9D2105D7CC00112ED5 /* LeisureMapTests.swift */ = {isa = PBXFileReference; lastKnownFileType = sourcecode.swift; path = LeisureMapTests.swift; sourceTree = "<group>"; };
		AD525B9F2105D7CC00112ED5 /* Info.plist */ = {isa = PBXFileReference; lastKnownFileType = text.plist.xml; path = Info.plist; sourceTree = "<group>"; };
		AD525BA42105D7CC00112ED5 /* LeisureMapUITests.xctest */ = {isa = PBXFileReference; explicitFileType = wrapper.cfbundle; includeInIndex = 0; path = LeisureMapUITests.xctest; sourceTree = BUILT_PRODUCTS_DIR; };
		AD525BA82105D7CC00112ED5 /* LeisureMapUITests.swift */ = {isa = PBXFileReference; lastKnownFileType = sourcecode.swift; path = LeisureMapUITests.swift; sourceTree = "<group>"; };
		AD525BAA2105D7CC00112ED5 /* Info.plist */ = {isa = PBXFileReference; lastKnownFileType = text.plist.xml; path = Info.plist; sourceTree = "<group>"; };
		AD525BB62105D94500112ED5 /* LeisureMap.entitlements */ = {isa = PBXFileReference; lastKnownFileType = text.plist.entitlements; path = LeisureMap.entitlements; sourceTree = "<group>"; };
		AD525BB72105DB0400112ED5 /* SplashViewController.swift */ = {isa = PBXFileReference; lastKnownFileType = sourcecode.swift; path = SplashViewController.swift; sourceTree = "<group>"; };
		AD525BBA2105DB5B00112ED5 /* LoginViewController.swift */ = {isa = PBXFileReference; lastKnownFileType = sourcecode.swift; path = LoginViewController.swift; sourceTree = "<group>"; };
		ADA8181F21085946004F1DFA /* MasterViewController.swift */ = {isa = PBXFileReference; lastKnownFileType = sourcecode.swift; path = MasterViewController.swift; sourceTree = "<group>"; };
		ADA8182121085957004F1DFA /* DetailViewController.swift */ = {isa = PBXFileReference; lastKnownFileType = sourcecode.swift; path = DetailViewController.swift; sourceTree = "<group>"; };
		ADA81823210859E0004F1DFA /* NoteViewController.swift */ = {isa = PBXFileReference; lastKnownFileType = sourcecode.swift; path = NoteViewController.swift; sourceTree = "<group>"; };
		ADA81825210859ED004F1DFA /* MapViewController.swift */ = {isa = PBXFileReference; lastKnownFileType = sourcecode.swift; path = MapViewController.swift; sourceTree = "<group>"; };
		ADDC53C92109617400ECF27E /* NetWorker.swift */ = {isa = PBXFileReference; lastKnownFileType = sourcecode.swift; path = NetWorker.swift; sourceTree = "<group>"; };
		ADDC53CB2109CF2600ECF27E /* FileAWorker.swift */ = {isa = PBXFileReference; lastKnownFileType = sourcecode.swift; path = FileAWorker.swift; sourceTree = "<group>"; };
		C4961C59EE830C983E4007F5 /* Pods-LeisureMapUITests.release.xcconfig */ = {isa = PBXFileReference; includeInIndex = 1; lastKnownFileType = text.xcconfig; name = "Pods-LeisureMapUITests.release.xcconfig"; path = "Pods/Target Support Files/Pods-LeisureMapUITests/Pods-LeisureMapUITests.release.xcconfig"; sourceTree = "<group>"; };
		E83BBA263143F89A48C90CCD /* Pods-LeisureMap.debug.xcconfig */ = {isa = PBXFileReference; includeInIndex = 1; lastKnownFileType = text.xcconfig; name = "Pods-LeisureMap.debug.xcconfig"; path = "Pods/Target Support Files/Pods-LeisureMap/Pods-LeisureMap.debug.xcconfig"; sourceTree = "<group>"; };
		FD979E72FC36B5A20A09F3C7 /* Pods_LeisureMapUITests.framework */ = {isa = PBXFileReference; explicitFileType = wrapper.framework; includeInIndex = 0; path = Pods_LeisureMapUITests.framework; sourceTree = BUILT_PRODUCTS_DIR; };
/* End PBXFileReference section */

/* Begin PBXFrameworksBuildPhase section */
		AD525B822105D7CB00112ED5 /* Frameworks */ = {
			isa = PBXFrameworksBuildPhase;
			buildActionMask = 2147483647;
			files = (
				9F652EFFF8D0B6BD847ED033 /* Pods_LeisureMap.framework in Frameworks */,
			);
			runOnlyForDeploymentPostprocessing = 0;
		};
		AD525B962105D7CC00112ED5 /* Frameworks */ = {
			isa = PBXFrameworksBuildPhase;
			buildActionMask = 2147483647;
			files = (
				7099125497C696BA93BB2EA0 /* Pods_LeisureMapTests.framework in Frameworks */,
			);
			runOnlyForDeploymentPostprocessing = 0;
		};
		AD525BA12105D7CC00112ED5 /* Frameworks */ = {
			isa = PBXFrameworksBuildPhase;
			buildActionMask = 2147483647;
			files = (
				797C5980EF08ED061C9FDC30 /* Pods_LeisureMapUITests.framework in Frameworks */,
			);
			runOnlyForDeploymentPostprocessing = 0;
		};
/* End PBXFrameworksBuildPhase section */

/* Begin PBXGroup section */
		220CDC9AB342F674CCCC7DBC /* Pods */ = {
			isa = PBXGroup;
			children = (
				E83BBA263143F89A48C90CCD /* Pods-LeisureMap.debug.xcconfig */,
				AB3383F5CBD554FCEAAFE611 /* Pods-LeisureMap.release.xcconfig */,
				4166F32C97F241CF648E9456 /* Pods-LeisureMapTests.debug.xcconfig */,
				2F2824BCC7A5BBC0B48251DF /* Pods-LeisureMapTests.release.xcconfig */,
				26323F4BCB6E6BE56967675E /* Pods-LeisureMapUITests.debug.xcconfig */,
				C4961C59EE830C983E4007F5 /* Pods-LeisureMapUITests.release.xcconfig */,
			);
			name = Pods;
			sourceTree = "<group>";
		};
		AD278AB4210AA9DF000CE6C5 /* Model */ = {
			isa = PBXGroup;
			children = (
				AD278AB5210AAA82000CE6C5 /* SeviceCategory.swift */,
				AD278AB7210AAB64000CE6C5 /* Store.swift */,
			);
			path = Model;
			sourceTree = "<group>";
		};
		AD278ABD210AFF2C000CE6C5 /* CellView */ = {
			isa = PBXGroup;
			children = (
				AD278ABE210AFFC6000CE6C5 /* ServiceCellView.swift */,
				AD278AC0210B0902000CE6C5 /* StoreCellView.swift */,
			);
			path = CellView;
			sourceTree = "<group>";
		};
		AD3E4DEA2108589400E47C04 /* MasterDetail */ = {
			isa = PBXGroup;
			children = (
				AD278ABD210AFF2C000CE6C5 /* CellView */,
				ADA8181F21085946004F1DFA /* MasterViewController.swift */,
				ADA8182121085957004F1DFA /* DetailViewController.swift */,
			);
			path = MasterDetail;
			sourceTree = "<group>";
		};
		AD525B7C2105D7CB00112ED5 = {
			isa = PBXGroup;
			children = (
				AD525B872105D7CB00112ED5 /* LeisureMap */,
				AD525B9C2105D7CC00112ED5 /* LeisureMapTests */,
				AD525BA72105D7CC00112ED5 /* LeisureMapUITests */,
				AD525B862105D7CB00112ED5 /* Products */,
				220CDC9AB342F674CCCC7DBC /* Pods */,
				FDCC7CAD20CB5CAB3C63B905 /* Frameworks */,
			);
			sourceTree = "<group>";
		};
		AD525B862105D7CB00112ED5 /* Products */ = {
			isa = PBXGroup;
			children = (
				AD525B852105D7CB00112ED5 /* LeisureMap.app */,
				AD525B992105D7CC00112ED5 /* LeisureMapTests.xctest */,
				AD525BA42105D7CC00112ED5 /* LeisureMapUITests.xctest */,
			);
			name = Products;
			sourceTree = "<group>";
		};
		AD525B872105D7CB00112ED5 /* LeisureMap */ = {
			isa = PBXGroup;
			children = (
				AD278AB4210AA9DF000CE6C5 /* Model */,
				ADDC53C82109613900ECF27E /* Worker */,
				ADA8181E21085926004F1DFA /* NoteFlow */,
				ADA8181D2108591B004F1DFA /* MapFlow */,
				AD3E4DEA2108589400E47C04 /* MasterDetail */,
				AD525BB92105DB4500112ED5 /* LoginFlow */,
				AD525BB62105D94500112ED5 /* LeisureMap.entitlements */,
				AD525B882105D7CB00112ED5 /* AppDelegate.swift */,
				AD525B8A2105D7CB00112ED5 /* ViewController.swift */,
				AD525B8C2105D7CB00112ED5 /* Main.storyboard */,
				AD525B8F2105D7CC00112ED5 /* Assets.xcassets */,
				AD525B912105D7CC00112ED5 /* LaunchScreen.storyboard */,
				AD525B942105D7CC00112ED5 /* Info.plist */,
				AD525BB72105DB0400112ED5 /* SplashViewController.swift */,
			);
			path = LeisureMap;
			sourceTree = "<group>";
		};
		AD525B9C2105D7CC00112ED5 /* LeisureMapTests */ = {
			isa = PBXGroup;
			children = (
				AD525B9D2105D7CC00112ED5 /* LeisureMapTests.swift */,
				AD525B9F2105D7CC00112ED5 /* Info.plist */,
			);
			path = LeisureMapTests;
			sourceTree = "<group>";
		};
		AD525BA72105D7CC00112ED5 /* LeisureMapUITests */ = {
			isa = PBXGroup;
			children = (
				AD525BA82105D7CC00112ED5 /* LeisureMapUITests.swift */,
				AD525BAA2105D7CC00112ED5 /* Info.plist */,
			);
			path = LeisureMapUITests;
			sourceTree = "<group>";
		};
		AD525BB92105DB4500112ED5 /* LoginFlow */ = {
			isa = PBXGroup;
			children = (
				AD525BBA2105DB5B00112ED5 /* LoginViewController.swift */,
			);
			path = LoginFlow;
			sourceTree = "<group>";
		};
		ADA8181D2108591B004F1DFA /* MapFlow */ = {
			isa = PBXGroup;
			children = (
				ADA81825210859ED004F1DFA /* MapViewController.swift */,
			);
			path = MapFlow;
			sourceTree = "<group>";
		};
		ADA8181E21085926004F1DFA /* NoteFlow */ = {
			isa = PBXGroup;
			children = (
				ADA81823210859E0004F1DFA /* NoteViewController.swift */,
			);
			path = NoteFlow;
			sourceTree = "<group>";
		};
		ADDC53C82109613900ECF27E /* Worker */ = {
			isa = PBXGroup;
			children = (
				AD278ABB210ABEE1000CE6C5 /* SQLiteWorker.swift */,
				ADDC53C92109617400ECF27E /* NetWorker.swift */,
				ADDC53CB2109CF2600ECF27E /* FileAWorker.swift */,
			);
			path = Worker;
			sourceTree = "<group>";
		};
		FDCC7CAD20CB5CAB3C63B905 /* Frameworks */ = {
			isa = PBXGroup;
			children = (
				1D7C90CC9C7F6A3F4F4DF950 /* Pods_LeisureMap.framework */,
				21F693E1F067B29A1150CF6F /* Pods_LeisureMapTests.framework */,
				FD979E72FC36B5A20A09F3C7 /* Pods_LeisureMapUITests.framework */,
			);
			name = Frameworks;
			sourceTree = "<group>";
		};
/* End PBXGroup section */

/* Begin PBXNativeTarget section */
		AD525B842105D7CB00112ED5 /* LeisureMap */ = {
			isa = PBXNativeTarget;
			buildConfigurationList = AD525BAD2105D7CC00112ED5 /* Build configuration list for PBXNativeTarget "LeisureMap" */;
			buildPhases = (
				74D2C99DCC9C219363D503BF /* [CP] Check Pods Manifest.lock */,
				AD525B812105D7CB00112ED5 /* Sources */,
				AD525B822105D7CB00112ED5 /* Frameworks */,
				AD525B832105D7CB00112ED5 /* Resources */,
				171787C27E85DD052D2FB60C /* [CP] Embed Pods Frameworks */,
			);
			buildRules = (
			);
			dependencies = (
			);
			name = LeisureMap;
			productName = LeisureMap;
			productReference = AD525B852105D7CB00112ED5 /* LeisureMap.app */;
			productType = "com.apple.product-type.application";
		};
		AD525B982105D7CC00112ED5 /* LeisureMapTests */ = {
			isa = PBXNativeTarget;
			buildConfigurationList = AD525BB02105D7CC00112ED5 /* Build configuration list for PBXNativeTarget "LeisureMapTests" */;
			buildPhases = (
				F7FB07D62418B1E8D6FCD9A9 /* [CP] Check Pods Manifest.lock */,
				AD525B952105D7CC00112ED5 /* Sources */,
				AD525B962105D7CC00112ED5 /* Frameworks */,
				AD525B972105D7CC00112ED5 /* Resources */,
			);
			buildRules = (
			);
			dependencies = (
				AD525B9B2105D7CC00112ED5 /* PBXTargetDependency */,
			);
			name = LeisureMapTests;
			productName = LeisureMapTests;
			productReference = AD525B992105D7CC00112ED5 /* LeisureMapTests.xctest */;
			productType = "com.apple.product-type.bundle.unit-test";
		};
		AD525BA32105D7CC00112ED5 /* LeisureMapUITests */ = {
			isa = PBXNativeTarget;
			buildConfigurationList = AD525BB32105D7CC00112ED5 /* Build configuration list for PBXNativeTarget "LeisureMapUITests" */;
			buildPhases = (
				98991BACB2379B261179CAFC /* [CP] Check Pods Manifest.lock */,
				AD525BA02105D7CC00112ED5 /* Sources */,
				AD525BA12105D7CC00112ED5 /* Frameworks */,
				AD525BA22105D7CC00112ED5 /* Resources */,
			);
			buildRules = (
			);
			dependencies = (
				AD525BA62105D7CC00112ED5 /* PBXTargetDependency */,
			);
			name = LeisureMapUITests;
			productName = LeisureMapUITests;
			productReference = AD525BA42105D7CC00112ED5 /* LeisureMapUITests.xctest */;
			productType = "com.apple.product-type.bundle.ui-testing";
		};
/* End PBXNativeTarget section */

/* Begin PBXProject section */
		AD525B7D2105D7CB00112ED5 /* Project object */ = {
			isa = PBXProject;
			attributes = {
				LastSwiftUpdateCheck = 1000;
				LastUpgradeCheck = 1000;
				ORGANIZATIONNAME = tripim;
				TargetAttributes = {
					AD525B842105D7CB00112ED5 = {
						CreatedOnToolsVersion = 10.0;
						SystemCapabilities = {
							com.apple.Push = {
								enabled = 1;
							};
						};
					};
					AD525B982105D7CC00112ED5 = {
						CreatedOnToolsVersion = 10.0;
						TestTargetID = AD525B842105D7CB00112ED5;
					};
					AD525BA32105D7CC00112ED5 = {
						CreatedOnToolsVersion = 10.0;
						TestTargetID = AD525B842105D7CB00112ED5;
					};
				};
			};
			buildConfigurationList = AD525B802105D7CB00112ED5 /* Build configuration list for PBXProject "LeisureMap" */;
			compatibilityVersion = "Xcode 9.3";
			developmentRegion = en;
			hasScannedForEncodings = 0;
			knownRegions = (
				en,
				Base,
			);
			mainGroup = AD525B7C2105D7CB00112ED5;
			productRefGroup = AD525B862105D7CB00112ED5 /* Products */;
			projectDirPath = "";
			projectRoot = "";
			targets = (
				AD525B842105D7CB00112ED5 /* LeisureMap */,
				AD525B982105D7CC00112ED5 /* LeisureMapTests */,
				AD525BA32105D7CC00112ED5 /* LeisureMapUITests */,
			);
		};
/* End PBXProject section */

/* Begin PBXResourcesBuildPhase section */
		AD525B832105D7CB00112ED5 /* Resources */ = {
			isa = PBXResourcesBuildPhase;
			buildActionMask = 2147483647;
			files = (
				AD525B932105D7CC00112ED5 /* LaunchScreen.storyboard in Resources */,
				AD525B902105D7CC00112ED5 /* Assets.xcassets in Resources */,
				AD525B8E2105D7CB00112ED5 /* Main.storyboard in Resources */,
			);
			runOnlyForDeploymentPostprocessing = 0;
		};
		AD525B972105D7CC00112ED5 /* Resources */ = {
			isa = PBXResourcesBuildPhase;
			buildActionMask = 2147483647;
			files = (
			);
			runOnlyForDeploymentPostprocessing = 0;
		};
		AD525BA22105D7CC00112ED5 /* Resources */ = {
			isa = PBXResourcesBuildPhase;
			buildActionMask = 2147483647;
			files = (
			);
			runOnlyForDeploymentPostprocessing = 0;
		};
/* End PBXResourcesBuildPhase section */

/* Begin PBXShellScriptBuildPhase section */
		171787C27E85DD052D2FB60C /* [CP] Embed Pods Frameworks */ = {
			isa = PBXShellScriptBuildPhase;
			buildActionMask = 2147483647;
			files = (
			);
			inputPaths = (
				"${SRCROOT}/Pods/Target Support Files/Pods-LeisureMap/Pods-LeisureMap-frameworks.sh",
				"${BUILT_PRODUCTS_DIR}/SDWebImage/SDWebImage.framework",
				"${BUILT_PRODUCTS_DIR}/SQLite.swift/SQLite.framework",
				"${BUILT_PRODUCTS_DIR}/SwiftyJSON/SwiftyJSON.framework",
			);
			name = "[CP] Embed Pods Frameworks";
			outputPaths = (
				"${TARGET_BUILD_DIR}/${FRAMEWORKS_FOLDER_PATH}/SDWebImage.framework",
				"${TARGET_BUILD_DIR}/${FRAMEWORKS_FOLDER_PATH}/SQLite.framework",
				"${TARGET_BUILD_DIR}/${FRAMEWORKS_FOLDER_PATH}/SwiftyJSON.framework",
			);
			runOnlyForDeploymentPostprocessing = 0;
			shellPath = /bin/sh;
			shellScript = "\"${SRCROOT}/Pods/Target Support Files/Pods-LeisureMap/Pods-LeisureMap-frameworks.sh\"\n";
			showEnvVarsInLog = 0;
		};
		74D2C99DCC9C219363D503BF /* [CP] Check Pods Manifest.lock */ = {
			isa = PBXShellScriptBuildPhase;
			buildActionMask = 2147483647;
			files = (
			);
			inputPaths = (
				"${PODS_PODFILE_DIR_PATH}/Podfile.lock",
				"${PODS_ROOT}/Manifest.lock",
			);
			name = "[CP] Check Pods Manifest.lock";
			outputPaths = (
				"$(DERIVED_FILE_DIR)/Pods-LeisureMap-checkManifestLockResult.txt",
			);
			runOnlyForDeploymentPostprocessing = 0;
			shellPath = /bin/sh;
			shellScript = "diff \"${PODS_PODFILE_DIR_PATH}/Podfile.lock\" \"${PODS_ROOT}/Manifest.lock\" > /dev/null\nif [ $? != 0 ] ; then\n    # print error to STDERR\n    echo \"error: The sandbox is not in sync with the Podfile.lock. Run 'pod install' or update your CocoaPods installation.\" >&2\n    exit 1\nfi\n# This output is used by Xcode 'outputs' to avoid re-running this script phase.\necho \"SUCCESS\" > \"${SCRIPT_OUTPUT_FILE_0}\"\n";
			showEnvVarsInLog = 0;
		};
		98991BACB2379B261179CAFC /* [CP] Check Pods Manifest.lock */ = {
			isa = PBXShellScriptBuildPhase;
			buildActionMask = 2147483647;
			files = (
			);
			inputPaths = (
				"${PODS_PODFILE_DIR_PATH}/Podfile.lock",
				"${PODS_ROOT}/Manifest.lock",
			);
			name = "[CP] Check Pods Manifest.lock";
			outputPaths = (
				"$(DERIVED_FILE_DIR)/Pods-LeisureMapUITests-checkManifestLockResult.txt",
			);
			runOnlyForDeploymentPostprocessing = 0;
			shellPath = /bin/sh;
			shellScript = "diff \"${PODS_PODFILE_DIR_PATH}/Podfile.lock\" \"${PODS_ROOT}/Manifest.lock\" > /dev/null\nif [ $? != 0 ] ; then\n    # print error to STDERR\n    echo \"error: The sandbox is not in sync with the Podfile.lock. Run 'pod install' or update your CocoaPods installation.\" >&2\n    exit 1\nfi\n# This output is used by Xcode 'outputs' to avoid re-running this script phase.\necho \"SUCCESS\" > \"${SCRIPT_OUTPUT_FILE_0}\"\n";
			showEnvVarsInLog = 0;
		};
		F7FB07D62418B1E8D6FCD9A9 /* [CP] Check Pods Manifest.lock */ = {
			isa = PBXShellScriptBuildPhase;
			buildActionMask = 2147483647;
			files = (
			);
			inputPaths = (
				"${PODS_PODFILE_DIR_PATH}/Podfile.lock",
				"${PODS_ROOT}/Manifest.lock",
			);
			name = "[CP] Check Pods Manifest.lock";
			outputPaths = (
				"$(DERIVED_FILE_DIR)/Pods-LeisureMapTests-checkManifestLockResult.txt",
			);
			runOnlyForDeploymentPostprocessing = 0;
			shellPath = /bin/sh;
			shellScript = "diff \"${PODS_PODFILE_DIR_PATH}/Podfile.lock\" \"${PODS_ROOT}/Manifest.lock\" > /dev/null\nif [ $? != 0 ] ; then\n    # print error to STDERR\n    echo \"error: The sandbox is not in sync with the Podfile.lock. Run 'pod install' or update your CocoaPods installation.\" >&2\n    exit 1\nfi\n# This output is used by Xcode 'outputs' to avoid re-running this script phase.\necho \"SUCCESS\" > \"${SCRIPT_OUTPUT_FILE_0}\"\n";
			showEnvVarsInLog = 0;
		};
/* End PBXShellScriptBuildPhase section */

/* Begin PBXSourcesBuildPhase section */
		AD525B812105D7CB00112ED5 /* Sources */ = {
			isa = PBXSourcesBuildPhase;
			buildActionMask = 2147483647;
			files = (
				ADDC53CC2109CF2600ECF27E /* FileAWorker.swift in Sources */,
				ADA81824210859E0004F1DFA /* NoteViewController.swift in Sources */,
				ADA8182021085946004F1DFA /* MasterViewController.swift in Sources */,
				AD278AB8210AAB64000CE6C5 /* Store.swift in Sources */,
				AD525BBB2105DB5B00112ED5 /* LoginViewController.swift in Sources */,
				AD278AC1210B0902000CE6C5 /* StoreCellView.swift in Sources */,
				AD278ABC210ABEE1000CE6C5 /* SQLiteWorker.swift in Sources */,
				AD525BB82105DB0400112ED5 /* SplashViewController.swift in Sources */,
				AD278AB6210AAA82000CE6C5 /* SeviceCategory.swift in Sources */,
				ADA8182221085957004F1DFA /* DetailViewController.swift in Sources */,
				AD525B8B2105D7CB00112ED5 /* ViewController.swift in Sources */,
				AD525B892105D7CB00112ED5 /* AppDelegate.swift in Sources */,
				ADA81826210859ED004F1DFA /* MapViewController.swift in Sources */,
				AD278ABF210AFFC6000CE6C5 /* ServiceCellView.swift in Sources */,
				ADDC53CA2109617400ECF27E /* NetWorker.swift in Sources */,
			);
			runOnlyForDeploymentPostprocessing = 0;
		};
		AD525B952105D7CC00112ED5 /* Sources */ = {
			isa = PBXSourcesBuildPhase;
			buildActionMask = 2147483647;
			files = (
				AD525B9E2105D7CC00112ED5 /* LeisureMapTests.swift in Sources */,
			);
			runOnlyForDeploymentPostprocessing = 0;
		};
		AD525BA02105D7CC00112ED5 /* Sources */ = {
			isa = PBXSourcesBuildPhase;
			buildActionMask = 2147483647;
			files = (
				AD525BA92105D7CC00112ED5 /* LeisureMapUITests.swift in Sources */,
			);
			runOnlyForDeploymentPostprocessing = 0;
		};
/* End PBXSourcesBuildPhase section */

/* Begin PBXTargetDependency section */
		AD525B9B2105D7CC00112ED5 /* PBXTargetDependency */ = {
			isa = PBXTargetDependency;
			target = AD525B842105D7CB00112ED5 /* LeisureMap */;
			targetProxy = AD525B9A2105D7CC00112ED5 /* PBXContainerItemProxy */;
		};
		AD525BA62105D7CC00112ED5 /* PBXTargetDependency */ = {
			isa = PBXTargetDependency;
			target = AD525B842105D7CB00112ED5 /* LeisureMap */;
			targetProxy = AD525BA52105D7CC00112ED5 /* PBXContainerItemProxy */;
		};
/* End PBXTargetDependency section */

/* Begin PBXVariantGroup section */
		AD525B8C2105D7CB00112ED5 /* Main.storyboard */ = {
			isa = PBXVariantGroup;
			children = (
				AD525B8D2105D7CB00112ED5 /* Base */,
			);
			name = Main.storyboard;
			sourceTree = "<group>";
		};
		AD525B912105D7CC00112ED5 /* LaunchScreen.storyboard */ = {
			isa = PBXVariantGroup;
			children = (
				AD525B922105D7CC00112ED5 /* Base */,
			);
			name = LaunchScreen.storyboard;
			sourceTree = "<group>";
		};
/* End PBXVariantGroup section */

/* Begin XCBuildConfiguration section */
		AD525BAB2105D7CC00112ED5 /* Debug */ = {
			isa = XCBuildConfiguration;
			buildSettings = {
				ALWAYS_SEARCH_USER_PATHS = NO;
				CLANG_ANALYZER_NONNULL = YES;
				CLANG_ANALYZER_NUMBER_OBJECT_CONVERSION = YES_AGGRESSIVE;
				CLANG_CXX_LANGUAGE_STANDARD = "gnu++14";
				CLANG_CXX_LIBRARY = "libc++";
				CLANG_ENABLE_MODULES = YES;
				CLANG_ENABLE_OBJC_ARC = YES;
				CLANG_ENABLE_OBJC_WEAK = YES;
				CLANG_WARN_BLOCK_CAPTURE_AUTORELEASING = YES;
				CLANG_WARN_BOOL_CONVERSION = YES;
				CLANG_WARN_COMMA = YES;
				CLANG_WARN_CONSTANT_CONVERSION = YES;
				CLANG_WARN_DEPRECATED_OBJC_IMPLEMENTATIONS = YES;
				CLANG_WARN_DIRECT_OBJC_ISA_USAGE = YES_ERROR;
				CLANG_WARN_DOCUMENTATION_COMMENTS = YES;
				CLANG_WARN_EMPTY_BODY = YES;
				CLANG_WARN_ENUM_CONVERSION = YES;
				CLANG_WARN_INFINITE_RECURSION = YES;
				CLANG_WARN_INT_CONVERSION = YES;
				CLANG_WARN_NON_LITERAL_NULL_CONVERSION = YES;
				CLANG_WARN_OBJC_IMPLICIT_RETAIN_SELF = YES;
				CLANG_WARN_OBJC_LITERAL_CONVERSION = YES;
				CLANG_WARN_OBJC_ROOT_CLASS = YES_ERROR;
				CLANG_WARN_RANGE_LOOP_ANALYSIS = YES;
				CLANG_WARN_STRICT_PROTOTYPES = YES;
				CLANG_WARN_SUSPICIOUS_MOVE = YES;
				CLANG_WARN_UNGUARDED_AVAILABILITY = YES_AGGRESSIVE;
				CLANG_WARN_UNREACHABLE_CODE = YES;
				CLANG_WARN__DUPLICATE_METHOD_MATCH = YES;
				CODE_SIGN_IDENTITY = "iPhone Developer";
				COPY_PHASE_STRIP = NO;
				DEBUG_INFORMATION_FORMAT = dwarf;
				ENABLE_STRICT_OBJC_MSGSEND = YES;
				ENABLE_TESTABILITY = YES;
				GCC_C_LANGUAGE_STANDARD = gnu11;
				GCC_DYNAMIC_NO_PIC = NO;
				GCC_NO_COMMON_BLOCKS = YES;
				GCC_OPTIMIZATION_LEVEL = 0;
				GCC_PREPROCESSOR_DEFINITIONS = (
					"DEBUG=1",
					"$(inherited)",
				);
				GCC_WARN_64_TO_32_BIT_CONVERSION = YES;
				GCC_WARN_ABOUT_RETURN_TYPE = YES_ERROR;
				GCC_WARN_UNDECLARED_SELECTOR = YES;
				GCC_WARN_UNINITIALIZED_AUTOS = YES_AGGRESSIVE;
				GCC_WARN_UNUSED_FUNCTION = YES;
				GCC_WARN_UNUSED_VARIABLE = YES;
				IPHONEOS_DEPLOYMENT_TARGET = 12.0;
				MTL_ENABLE_DEBUG_INFO = INCLUDE_SOURCE;
				MTL_FAST_MATH = YES;
				ONLY_ACTIVE_ARCH = YES;
				SDKROOT = iphoneos;
				SWIFT_ACTIVE_COMPILATION_CONDITIONS = DEBUG;
				SWIFT_OPTIMIZATION_LEVEL = "-Onone";
			};
			name = Debug;
		};
		AD525BAC2105D7CC00112ED5 /* Release */ = {
			isa = XCBuildConfiguration;
			buildSettings = {
				ALWAYS_SEARCH_USER_PATHS = NO;
				CLANG_ANALYZER_NONNULL = YES;
				CLANG_ANALYZER_NUMBER_OBJECT_CONVERSION = YES_AGGRESSIVE;
				CLANG_CXX_LANGUAGE_STANDARD = "gnu++14";
				CLANG_CXX_LIBRARY = "libc++";
				CLANG_ENABLE_MODULES = YES;
				CLANG_ENABLE_OBJC_ARC = YES;
				CLANG_ENABLE_OBJC_WEAK = YES;
				CLANG_WARN_BLOCK_CAPTURE_AUTORELEASING = YES;
				CLANG_WARN_BOOL_CONVERSION = YES;
				CLANG_WARN_COMMA = YES;
				CLANG_WARN_CONSTANT_CONVERSION = YES;
				CLANG_WARN_DEPRECATED_OBJC_IMPLEMENTATIONS = YES;
				CLANG_WARN_DIRECT_OBJC_ISA_USAGE = YES_ERROR;
				CLANG_WARN_DOCUMENTATION_COMMENTS = YES;
				CLANG_WARN_EMPTY_BODY = YES;
				CLANG_WARN_ENUM_CONVERSION = YES;
				CLANG_WARN_INFINITE_RECURSION = YES;
				CLANG_WARN_INT_CONVERSION = YES;
				CLANG_WARN_NON_LITERAL_NULL_CONVERSION = YES;
				CLANG_WARN_OBJC_IMPLICIT_RETAIN_SELF = YES;
				CLANG_WARN_OBJC_LITERAL_CONVERSION = YES;
				CLANG_WARN_OBJC_ROOT_CLASS = YES_ERROR;
				CLANG_WARN_RANGE_LOOP_ANALYSIS = YES;
				CLANG_WARN_STRICT_PROTOTYPES = YES;
				CLANG_WARN_SUSPICIOUS_MOVE = YES;
				CLANG_WARN_UNGUARDED_AVAILABILITY = YES_AGGRESSIVE;
				CLANG_WARN_UNREACHABLE_CODE = YES;
				CLANG_WARN__DUPLICATE_METHOD_MATCH = YES;
				CODE_SIGN_IDENTITY = "iPhone Developer";
				COPY_PHASE_STRIP = NO;
				DEBUG_INFORMATION_FORMAT = "dwarf-with-dsym";
				ENABLE_NS_ASSERTIONS = NO;
				ENABLE_STRICT_OBJC_MSGSEND = YES;
				GCC_C_LANGUAGE_STANDARD = gnu11;
				GCC_NO_COMMON_BLOCKS = YES;
				GCC_WARN_64_TO_32_BIT_CONVERSION = YES;
				GCC_WARN_ABOUT_RETURN_TYPE = YES_ERROR;
				GCC_WARN_UNDECLARED_SELECTOR = YES;
				GCC_WARN_UNINITIALIZED_AUTOS = YES_AGGRESSIVE;
				GCC_WARN_UNUSED_FUNCTION = YES;
				GCC_WARN_UNUSED_VARIABLE = YES;
				IPHONEOS_DEPLOYMENT_TARGET = 12.0;
				MTL_ENABLE_DEBUG_INFO = NO;
				MTL_FAST_MATH = YES;
				SDKROOT = iphoneos;
				SWIFT_COMPILATION_MODE = wholemodule;
				SWIFT_OPTIMIZATION_LEVEL = "-O";
				VALIDATE_PRODUCT = YES;
			};
			name = Release;
		};
		AD525BAE2105D7CC00112ED5 /* Debug */ = {
			isa = XCBuildConfiguration;
			baseConfigurationReference = E83BBA263143F89A48C90CCD /* Pods-LeisureMap.debug.xcconfig */;
			buildSettings = {
				ASSETCATALOG_COMPILER_APPICON_NAME = AppIcon;
				CODE_SIGN_ENTITLEMENTS = LeisureMap/LeisureMap.entitlements;
				CODE_SIGN_STYLE = Automatic;
				DEVELOPMENT_TEAM = HSLDYGUXL6;
				INFOPLIST_FILE = LeisureMap/Info.plist;
				LD_RUNPATH_SEARCH_PATHS = (
					"$(inherited)",
					"@executable_path/Frameworks",
				);
				PRODUCT_BUNDLE_IDENTIFIER = com.tripim.LeisureMap;
				PRODUCT_NAME = "$(TARGET_NAME)";
				SWIFT_VERSION = 4.2;
				TARGETED_DEVICE_FAMILY = "1,2";
			};
			name = Debug;
		};
		AD525BAF2105D7CC00112ED5 /* Release */ = {
			isa = XCBuildConfiguration;
			baseConfigurationReference = AB3383F5CBD554FCEAAFE611 /* Pods-LeisureMap.release.xcconfig */;
			buildSettings = {
				ASSETCATALOG_COMPILER_APPICON_NAME = AppIcon;
				CODE_SIGN_ENTITLEMENTS = LeisureMap/LeisureMap.entitlements;
				CODE_SIGN_STYLE = Automatic;
				DEVELOPMENT_TEAM = HSLDYGUXL6;
				INFOPLIST_FILE = LeisureMap/Info.plist;
				LD_RUNPATH_SEARCH_PATHS = (
					"$(inherited)",
					"@executable_path/Frameworks",
				);
				PRODUCT_BUNDLE_IDENTIFIER = com.tripim.LeisureMap;
				PRODUCT_NAME = "$(TARGET_NAME)";
				SWIFT_VERSION = 4.2;
				TARGETED_DEVICE_FAMILY = "1,2";
			};
			name = Release;
		};
		AD525BB12105D7CC00112ED5 /* Debug */ = {
			isa = XCBuildConfiguration;
			baseConfigurationReference = 4166F32C97F241CF648E9456 /* Pods-LeisureMapTests.debug.xcconfig */;
			buildSettings = {
				ALWAYS_EMBED_SWIFT_STANDARD_LIBRARIES = YES;
				BUNDLE_LOADER = "$(TEST_HOST)";
				CODE_SIGN_STYLE = Automatic;
				INFOPLIST_FILE = LeisureMapTests/Info.plist;
				LD_RUNPATH_SEARCH_PATHS = (
					"$(inherited)",
					"@executable_path/Frameworks",
					"@loader_path/Frameworks",
				);
				PRODUCT_BUNDLE_IDENTIFIER = com.tripim.LeisureMapTests;
				PRODUCT_NAME = "$(TARGET_NAME)";
				SWIFT_VERSION = 4.2;
				TARGETED_DEVICE_FAMILY = "1,2";
				TEST_HOST = "$(BUILT_PRODUCTS_DIR)/LeisureMap.app/LeisureMap";
			};
			name = Debug;
		};
		AD525BB22105D7CC00112ED5 /* Release */ = {
			isa = XCBuildConfiguration;
			baseConfigurationReference = 2F2824BCC7A5BBC0B48251DF /* Pods-LeisureMapTests.release.xcconfig */;
			buildSettings = {
				ALWAYS_EMBED_SWIFT_STANDARD_LIBRARIES = YES;
				BUNDLE_LOADER = "$(TEST_HOST)";
				CODE_SIGN_STYLE = Automatic;
				INFOPLIST_FILE = LeisureMapTests/Info.plist;
				LD_RUNPATH_SEARCH_PATHS = (
					"$(inherited)",
					"@executable_path/Frameworks",
					"@loader_path/Frameworks",
				);
				PRODUCT_BUNDLE_IDENTIFIER = com.tripim.LeisureMapTests;
				PRODUCT_NAME = "$(TARGET_NAME)";
				SWIFT_VERSION = 4.2;
				TARGETED_DEVICE_FAMILY = "1,2";
				TEST_HOST = "$(BUILT_PRODUCTS_DIR)/LeisureMap.app/LeisureMap";
			};
			name = Release;
		};
		AD525BB42105D7CC00112ED5 /* Debug */ = {
			isa = XCBuildConfiguration;
			baseConfigurationReference = 26323F4BCB6E6BE56967675E /* Pods-LeisureMapUITests.debug.xcconfig */;
			buildSettings = {
				ALWAYS_EMBED_SWIFT_STANDARD_LIBRARIES = YES;
				CODE_SIGN_STYLE = Automatic;
				INFOPLIST_FILE = LeisureMapUITests/Info.plist;
				LD_RUNPATH_SEARCH_PATHS = (
					"$(inherited)",
					"@executable_path/Frameworks",
					"@loader_path/Frameworks",
				);
				PRODUCT_BUNDLE_IDENTIFIER = com.tripim.LeisureMapUITests;
				PRODUCT_NAME = "$(TARGET_NAME)";
				SWIFT_VERSION = 4.2;
				TARGETED_DEVICE_FAMILY = "1,2";
				TEST_TARGET_NAME = LeisureMap;
			};
			name = Debug;
		};
		AD525BB52105D7CC00112ED5 /* Release */ = {
			isa = XCBuildConfiguration;
			baseConfigurationReference = C4961C59EE830C983E4007F5 /* Pods-LeisureMapUITests.release.xcconfig */;
			buildSettings = {
				ALWAYS_EMBED_SWIFT_STANDARD_LIBRARIES = YES;
				CODE_SIGN_STYLE = Automatic;
				INFOPLIST_FILE = LeisureMapUITests/Info.plist;
				LD_RUNPATH_SEARCH_PATHS = (
					"$(inherited)",
					"@executable_path/Frameworks",
					"@loader_path/Frameworks",
				);
				PRODUCT_BUNDLE_IDENTIFIER = com.tripim.LeisureMapUITests;
				PRODUCT_NAME = "$(TARGET_NAME)";
				SWIFT_VERSION = 4.2;
				TARGETED_DEVICE_FAMILY = "1,2";
				TEST_TARGET_NAME = LeisureMap;
			};
			name = Release;
		};
/* End XCBuildConfiguration section */

/* Begin XCConfigurationList section */
		AD525B802105D7CB00112ED5 /* Build configuration list for PBXProject "LeisureMap" */ = {
			isa = XCConfigurationList;
			buildConfigurations = (
				AD525BAB2105D7CC00112ED5 /* Debug */,
				AD525BAC2105D7CC00112ED5 /* Release */,
			);
			defaultConfigurationIsVisible = 0;
			defaultConfigurationName = Release;
		};
		AD525BAD2105D7CC00112ED5 /* Build configuration list for PBXNativeTarget "LeisureMap" */ = {
			isa = XCConfigurationList;
			buildConfigurations = (
				AD525BAE2105D7CC00112ED5 /* Debug */,
				AD525BAF2105D7CC00112ED5 /* Release */,
			);
			defaultConfigurationIsVisible = 0;
			defaultConfigurationName = Release;
		};
		AD525BB02105D7CC00112ED5 /* Build configuration list for PBXNativeTarget "LeisureMapTests" */ = {
			isa = XCConfigurationList;
			buildConfigurations = (
				AD525BB12105D7CC00112ED5 /* Debug */,
				AD525BB22105D7CC00112ED5 /* Release */,
			);
			defaultConfigurationIsVisible = 0;
			defaultConfigurationName = Release;
		};
		AD525BB32105D7CC00112ED5 /* Build configuration list for PBXNativeTarget "LeisureMapUITests" */ = {
			isa = XCConfigurationList;
			buildConfigurations = (
				AD525BB42105D7CC00112ED5 /* Debug */,
				AD525BB52105D7CC00112ED5 /* Release */,
			);
			defaultConfigurationIsVisible = 0;
			defaultConfigurationName = Release;
		};
/* End XCConfigurationList section */
	};
	rootObject = AD525B7D2105D7CB00112ED5 /* Project object */;
}
